
Microsoft Visual Studio Solution File, Format Version 12.00
# Visual Studio Version 17
VisualStudioVersion = 17.6.33712.159
MinimumVisualStudioVersion = 10.0.40219.1
Project("{FAE04EC0-301F-11D3-BF4B-00C04F79EFBC}") = "Quiz_projecte", "Quiz_projecte.csproj", "{4C122814-8873-4D7B-B5AF-1A88B0D544EC}"
EndProject
Global
	GlobalSection(SolutionConfigurationPlatforms) = preSolution
		Debug|Any CPU = Debug|Any CPU
		Release|Any CPU = Release|Any CPU
	EndGlobalSection
	GlobalSection(ProjectConfigurationPlatforms) = postSolution
		{4C122814-8873-4D7B-B5AF-1A88B0D544EC}.Debug|Any CPU.ActiveCfg = Debug|Any CPU
		{4C122814-8873-4D7B-B5AF-1A88B0D544EC}.Debug|Any CPU.Build.0 = Debug|Any CPU
		{4C122814-8873-4D7B-B5AF-1A88B0D544EC}.Release|Any CPU.ActiveCfg = Release|Any CPU
		{4C122814-8873-4D7B-B5AF-1A88B0D544EC}.Release|Any CPU.Build.0 = Release|Any CPU
	EndGlobalSection
	GlobalSection(SolutionProperties) = preSolution
		HideSolutionNode = FALSE
	EndGlobalSection
	GlobalSection(ExtensibilityGlobals) = postSolution
		SolutionGuid = {5D550664-C945-4887-BE7F-025EF1DE1240}
	EndGlobalSection
EndGlobal
